
Microsoft Visual Studio Solution File, Format Version 12.00
# Visual Studio Version 16
VisualStudioVersion = 16.0.29215.179
MinimumVisualStudioVersion = 10.0.40219.1
Project("{F184B08F-C81C-45F6-A57F-5ABD9991F28F}") = "Marine Rescue", "Marine Rescue\Marine Rescue.vbproj", "{EBA86ABE-91F0-40BA-88C9-2477A6BAD7C6}"
EndProject
Global
	GlobalSection(SolutionConfigurationPlatforms) = preSolution
		Debug|Any CPU = Debug|Any CPU
		Release|Any CPU = Release|Any CPU
	EndGlobalSection
	GlobalSection(ProjectConfigurationPlatforms) = postSolution
		{EBA86ABE-91F0-40BA-88C9-2477A6BAD7C6}.Debug|Any CPU.ActiveCfg = Debug|Any CPU
		{EBA86ABE-91F0-40BA-88C9-2477A6BAD7C6}.Debug|Any CPU.Build.0 = Debug|Any CPU
		{EBA86ABE-91F0-40BA-88C9-2477A6BAD7C6}.Release|Any CPU.ActiveCfg = Release|Any CPU
		{EBA86ABE-91F0-40BA-88C9-2477A6BAD7C6}.Release|Any CPU.Build.0 = Release|Any CPU
	EndGlobalSection
	GlobalSection(SolutionProperties) = preSolution
		HideSolutionNode = FALSE
	EndGlobalSection
	GlobalSection(ExtensibilityGlobals) = postSolution
		SolutionGuid = {88ACD9F9-C372-4F3B-BB46-D0FD0B7922E4}
	EndGlobalSection
EndGlobal
